// !$*UTF8*$!
{
	archiveVersion = 1;
	classes = {
	};
	objectVersion = 46;
	objects = {

/* Begin PBXBuildFile section */
		A30237B91A11196600B190E3 /* Node.m in Sources */ = {isa = PBXBuildFile; fileRef = A30237B81A11196600B190E3 /* Node.m */; };
		A3A3CCF41A128D92006EEBF4 /* fire-default.css in Resources */ = {isa = PBXBuildFile; fileRef = A3A3CCF21A128D92006EEBF4 /* fire-default.css */; };
		A3A3CCF51A128D92006EEBF4 /* fire-RegisterView.css in Resources */ = {isa = PBXBuildFile; fileRef = A3A3CCF31A128D92006EEBF4 /* fire-RegisterView.css */; };
		A3BECEE71A0C431700539F02 /* main.m in Sources */ = {isa = PBXBuildFile; fileRef = A3BECEE61A0C431700539F02 /* main.m */; };
		A3BECEEA1A0C431700539F02 /* AppDelegate.m in Sources */ = {isa = PBXBuildFile; fileRef = A3BECEE91A0C431700539F02 /* AppDelegate.m */; };
		A3BECEED1A0C431700539F02 /* FirstViewController.m in Sources */ = {isa = PBXBuildFile; fileRef = A3BECEEC1A0C431700539F02 /* FirstViewController.m */; };
		A3BECEF01A0C431700539F02 /* SecondViewController.m in Sources */ = {isa = PBXBuildFile; fileRef = A3BECEEF1A0C431700539F02 /* SecondViewController.m */; };
		A3BECEF31A0C431700539F02 /* Main.storyboard in Resources */ = {isa = PBXBuildFile; fileRef = A3BECEF11A0C431700539F02 /* Main.storyboard */; };
		A3BECEF51A0C431700539F02 /* Images.xcassets in Resources */ = {isa = PBXBuildFile; fileRef = A3BECEF41A0C431700539F02 /* Images.xcassets */; };
		A3BECEF81A0C431700539F02 /* LaunchScreen.xib in Resources */ = {isa = PBXBuildFile; fileRef = A3BECEF61A0C431700539F02 /* LaunchScreen.xib */; };
		A3BECF041A0C431700539F02 /* iLayoutSampleTests.m in Sources */ = {isa = PBXBuildFile; fileRef = A3BECF031A0C431700539F02 /* iLayoutSampleTests.m */; };
		A3BECF2F1A0C46B700539F02 /* .gitignore in Resources */ = {isa = PBXBuildFile; fileRef = A3BECF0E1A0C46B600539F02 /* .gitignore */; };
		A3BECF301A0C46B700539F02 /* ESCssParser.m in Sources */ = {isa = PBXBuildFile; fileRef = A3BECF131A0C46B600539F02 /* ESCssParser.m */; };
		A3BECF311A0C46B700539F02 /* ESCssTokenizer.m in Sources */ = {isa = PBXBuildFile; fileRef = A3BECF141A0C46B600539F02 /* ESCssTokenizer.m */; };
		A3BECF321A0C46B700539F02 /* ESCssTokens.m in Sources */ = {isa = PBXBuildFile; fileRef = A3BECF161A0C46B600539F02 /* ESCssTokens.m */; };
		A3BECF331A0C46B700539F02 /* Info.plist in Resources */ = {isa = PBXBuildFile; fileRef = A3BECF181A0C46B600539F02 /* Info.plist */; };
		A3BECF341A0C46B700539F02 /* NSObject+Attach.m in Sources */ = {isa = PBXBuildFile; fileRef = A3BECF1A1A0C46B600539F02 /* NSObject+Attach.m */; };
		A3BECF351A0C46B700539F02 /* NSObject+Event.m in Sources */ = {isa = PBXBuildFile; fileRef = A3BECF1C1A0C46B600539F02 /* NSObject+Event.m */; };
		A3BECF361A0C46B700539F02 /* UIColor+String.m in Sources */ = {isa = PBXBuildFile; fileRef = A3BECF1E1A0C46B600539F02 /* UIColor+String.m */; };
		A3BECF371A0C46B700539F02 /* UIImage+ImageEffects.m in Sources */ = {isa = PBXBuildFile; fileRef = A3BECF201A0C46B600539F02 /* UIImage+ImageEffects.m */; };
		A3BECF381A0C46B700539F02 /* UITextField+Active.m in Sources */ = {isa = PBXBuildFile; fileRef = A3BECF221A0C46B600539F02 /* UITextField+Active.m */; };
		A3BECF391A0C46B700539F02 /* UIView+Autolayout.m in Sources */ = {isa = PBXBuildFile; fileRef = A3BECF241A0C46B600539F02 /* UIView+Autolayout.m */; };
		A3BECF3A1A0C46B700539F02 /* UIView+CSS.m in Sources */ = {isa = PBXBuildFile; fileRef = A3BECF261A0C46B600539F02 /* UIView+CSS.m */; };
		A3BECF3B1A0C46B700539F02 /* UIView+Position.m in Sources */ = {isa = PBXBuildFile; fileRef = A3BECF281A0C46B600539F02 /* UIView+Position.m */; };
		A3BECF3C1A0C46B700539F02 /* iLayoutTests.m in Sources */ = {isa = PBXBuildFile; fileRef = A3BECF2D1A0C46B700539F02 /* iLayoutTests.m */; };
		A3BECF3D1A0C46B700539F02 /* Info.plist in Resources */ = {isa = PBXBuildFile; fileRef = A3BECF2E1A0C46B700539F02 /* Info.plist */; };
		A3BECF481A0C46DF00539F02 /* default.css in Resources */ = {isa = PBXBuildFile; fileRef = A3BECF441A0C46DF00539F02 /* default.css */; };
		A3BECF491A0C46DF00539F02 /* RegisterView.css in Resources */ = {isa = PBXBuildFile; fileRef = A3BECF451A0C46DF00539F02 /* RegisterView.css */; };
		A3BECF4A1A0C46DF00539F02 /* RegisterView.m in Sources */ = {isa = PBXBuildFile; fileRef = A3BECF471A0C46DF00539F02 /* RegisterView.m */; };
		A3BECF4D1A0C472F00539F02 /* RegisterViewController.m in Sources */ = {isa = PBXBuildFile; fileRef = A3BECF4C1A0C472F00539F02 /* RegisterViewController.m */; };
/* End PBXBuildFile section */

/* Begin PBXContainerItemProxy section */
		A3BECEFE1A0C431700539F02 /* PBXContainerItemProxy */ = {
			isa = PBXContainerItemProxy;
			containerPortal = A3BECED91A0C431700539F02 /* Project object */;
			proxyType = 1;
			remoteGlobalIDString = A3BECEE01A0C431700539F02;
			remoteInfo = iLayoutSample;
		};
		A3BECF401A0C46B700539F02 /* PBXContainerItemProxy */ = {
			isa = PBXContainerItemProxy;
			containerPortal = A3BECF291A0C46B600539F02 /* iLayout.xcodeproj */;
			proxyType = 2;
			remoteGlobalIDString = A3F11BAE1A0A966C00780C90;
			remoteInfo = iLayout;
		};
		A3BECF421A0C46B700539F02 /* PBXContainerItemProxy */ = {
			isa = PBXContainerItemProxy;
			containerPortal = A3BECF291A0C46B600539F02 /* iLayout.xcodeproj */;
			proxyType = 2;
			remoteGlobalIDString = A3F11BB91A0A966C00780C90;
			remoteInfo = iLayoutTests;
		};
/* End PBXContainerItemProxy section */

/* Begin PBXFileReference section */
		A30237B71A11196600B190E3 /* Node.h */ = {isa = PBXFileReference; fileEncoding = 4; lastKnownFileType = sourcecode.c.h; path = Node.h; sourceTree = "<group>"; };
		A30237B81A11196600B190E3 /* Node.m */ = {isa = PBXFileReference; fileEncoding = 4; lastKnownFileType = sourcecode.c.objc; path = Node.m; sourceTree = "<group>"; };
		A3A3CCF21A128D92006EEBF4 /* fire-default.css */ = {isa = PBXFileReference; fileEncoding = 4; lastKnownFileType = text.css; path = "fire-default.css"; sourceTree = "<group>"; };
		A3A3CCF31A128D92006EEBF4 /* fire-RegisterView.css */ = {isa = PBXFileReference; fileEncoding = 4; lastKnownFileType = text.css; path = "fire-RegisterView.css"; sourceTree = "<group>"; };
		A3BECEE11A0C431700539F02 /* iLayoutSample.app */ = {isa = PBXFileReference; explicitFileType = wrapper.application; includeInIndex = 0; path = iLayoutSample.app; sourceTree = BUILT_PRODUCTS_DIR; };
		A3BECEE51A0C431700539F02 /* Info.plist */ = {isa = PBXFileReference; lastKnownFileType = text.plist.xml; path = Info.plist; sourceTree = "<group>"; };
		A3BECEE61A0C431700539F02 /* main.m */ = {isa = PBXFileReference; lastKnownFileType = sourcecode.c.objc; path = main.m; sourceTree = "<group>"; };
		A3BECEE81A0C431700539F02 /* AppDelegate.h */ = {isa = PBXFileReference; lastKnownFileType = sourcecode.c.h; path = AppDelegate.h; sourceTree = "<group>"; };
		A3BECEE91A0C431700539F02 /* AppDelegate.m */ = {isa = PBXFileReference; lastKnownFileType = sourcecode.c.objc; path = AppDelegate.m; sourceTree = "<group>"; };
		A3BECEEB1A0C431700539F02 /* FirstViewController.h */ = {isa = PBXFileReference; lastKnownFileType = sourcecode.c.h; path = FirstViewController.h; sourceTree = "<group>"; };
		A3BECEEC1A0C431700539F02 /* FirstViewController.m */ = {isa = PBXFileReference; lastKnownFileType = sourcecode.c.objc; path = FirstViewController.m; sourceTree = "<group>"; };
		A3BECEEE1A0C431700539F02 /* SecondViewController.h */ = {isa = PBXFileReference; lastKnownFileType = sourcecode.c.h; path = SecondViewController.h; sourceTree = "<group>"; };
		A3BECEEF1A0C431700539F02 /* SecondViewController.m */ = {isa = PBXFileReference; lastKnownFileType = sourcecode.c.objc; path = SecondViewController.m; sourceTree = "<group>"; };
		A3BECEF21A0C431700539F02 /* Base */ = {isa = PBXFileReference; lastKnownFileType = file.storyboard; name = Base; path = Base.lproj/Main.storyboard; sourceTree = "<group>"; };
		A3BECEF41A0C431700539F02 /* Images.xcassets */ = {isa = PBXFileReference; lastKnownFileType = folder.assetcatalog; path = Images.xcassets; sourceTree = "<group>"; };
		A3BECEF71A0C431700539F02 /* Base */ = {isa = PBXFileReference; lastKnownFileType = file.xib; name = Base; path = Base.lproj/LaunchScreen.xib; sourceTree = "<group>"; };
		A3BECEFD1A0C431700539F02 /* iLayoutSampleTests.xctest */ = {isa = PBXFileReference; explicitFileType = wrapper.cfbundle; includeInIndex = 0; path = iLayoutSampleTests.xctest; sourceTree = BUILT_PRODUCTS_DIR; };
		A3BECF021A0C431700539F02 /* Info.plist */ = {isa = PBXFileReference; lastKnownFileType = text.plist.xml; path = Info.plist; sourceTree = "<group>"; };
		A3BECF031A0C431700539F02 /* iLayoutSampleTests.m */ = {isa = PBXFileReference; lastKnownFileType = sourcecode.c.objc; path = iLayoutSampleTests.m; sourceTree = "<group>"; };
		A3BECF0E1A0C46B600539F02 /* .gitignore */ = {isa = PBXFileReference; fileEncoding = 4; lastKnownFileType = text; path = .gitignore; sourceTree = "<group>"; };
		A3BECF121A0C46B600539F02 /* ESCssParser.h */ = {isa = PBXFileReference; fileEncoding = 4; lastKnownFileType = sourcecode.c.h; path = ESCssParser.h; sourceTree = "<group>"; };
		A3BECF131A0C46B600539F02 /* ESCssParser.m */ = {isa = PBXFileReference; fileEncoding = 4; lastKnownFileType = sourcecode.c.objc; path = ESCssParser.m; sourceTree = "<group>"; };
		A3BECF141A0C46B600539F02 /* ESCssTokenizer.m */ = {isa = PBXFileReference; fileEncoding = 4; lastKnownFileType = sourcecode.c.objc; path = ESCssTokenizer.m; sourceTree = "<group>"; };
		A3BECF151A0C46B600539F02 /* ESCssTokens.h */ = {isa = PBXFileReference; fileEncoding = 4; lastKnownFileType = sourcecode.c.h; path = ESCssTokens.h; sourceTree = "<group>"; };
		A3BECF161A0C46B600539F02 /* ESCssTokens.m */ = {isa = PBXFileReference; fileEncoding = 4; lastKnownFileType = sourcecode.c.objc; path = ESCssTokens.m; sourceTree = "<group>"; };
		A3BECF171A0C46B600539F02 /* iLayout.h */ = {isa = PBXFileReference; fileEncoding = 4; lastKnownFileType = sourcecode.c.h; path = iLayout.h; sourceTree = "<group>"; };
		A3BECF181A0C46B600539F02 /* Info.plist */ = {isa = PBXFileReference; fileEncoding = 4; lastKnownFileType = text.plist.xml; path = Info.plist; sourceTree = "<group>"; };
		A3BECF191A0C46B600539F02 /* NSObject+Attach.h */ = {isa = PBXFileReference; fileEncoding = 4; lastKnownFileType = sourcecode.c.h; path = "NSObject+Attach.h"; sourceTree = "<group>"; };
		A3BECF1A1A0C46B600539F02 /* NSObject+Attach.m */ = {isa = PBXFileReference; fileEncoding = 4; lastKnownFileType = sourcecode.c.objc; path = "NSObject+Attach.m"; sourceTree = "<group>"; };
		A3BECF1B1A0C46B600539F02 /* NSObject+Event.h */ = {isa = PBXFileReference; fileEncoding = 4; lastKnownFileType = sourcecode.c.h; path = "NSObject+Event.h"; sourceTree = "<group>"; };
		A3BECF1C1A0C46B600539F02 /* NSObject+Event.m */ = {isa = PBXFileReference; fileEncoding = 4; lastKnownFileType = sourcecode.c.objc; path = "NSObject+Event.m"; sourceTree = "<group>"; };
		A3BECF1D1A0C46B600539F02 /* UIColor+String.h */ = {isa = PBXFileReference; fileEncoding = 4; lastKnownFileType = sourcecode.c.h; path = "UIColor+String.h"; sourceTree = "<group>"; };
		A3BECF1E1A0C46B600539F02 /* UIColor+String.m */ = {isa = PBXFileReference; fileEncoding = 4; lastKnownFileType = sourcecode.c.objc; path = "UIColor+String.m"; sourceTree = "<group>"; };
		A3BECF1F1A0C46B600539F02 /* UIImage+ImageEffects.h */ = {isa = PBXFileReference; fileEncoding = 4; lastKnownFileType = sourcecode.c.h; path = "UIImage+ImageEffects.h"; sourceTree = "<group>"; };
		A3BECF201A0C46B600539F02 /* UIImage+ImageEffects.m */ = {isa = PBXFileReference; fileEncoding = 4; lastKnownFileType = sourcecode.c.objc; path = "UIImage+ImageEffects.m"; sourceTree = "<group>"; };
		A3BECF211A0C46B600539F02 /* UITextField+Active.h */ = {isa = PBXFileReference; fileEncoding = 4; lastKnownFileType = sourcecode.c.h; path = "UITextField+Active.h"; sourceTree = "<group>"; };
		A3BECF221A0C46B600539F02 /* UITextField+Active.m */ = {isa = PBXFileReference; fileEncoding = 4; lastKnownFileType = sourcecode.c.objc; path = "UITextField+Active.m"; sourceTree = "<group>"; };
		A3BECF231A0C46B600539F02 /* UIView+Autolayout.h */ = {isa = PBXFileReference; fileEncoding = 4; lastKnownFileType = sourcecode.c.h; path = "UIView+Autolayout.h"; sourceTree = "<group>"; };
		A3BECF241A0C46B600539F02 /* UIView+Autolayout.m */ = {isa = PBXFileReference; fileEncoding = 4; lastKnownFileType = sourcecode.c.objc; path = "UIView+Autolayout.m"; sourceTree = "<group>"; };
		A3BECF251A0C46B600539F02 /* UIView+CSS.h */ = {isa = PBXFileReference; fileEncoding = 4; lastKnownFileType = sourcecode.c.h; path = "UIView+CSS.h"; sourceTree = "<group>"; };
		A3BECF261A0C46B600539F02 /* UIView+CSS.m */ = {isa = PBXFileReference; fileEncoding = 4; lastKnownFileType = sourcecode.c.objc; path = "UIView+CSS.m"; sourceTree = "<group>"; };
		A3BECF271A0C46B600539F02 /* UIView+Position.h */ = {isa = PBXFileReference; fileEncoding = 4; lastKnownFileType = sourcecode.c.h; path = "UIView+Position.h"; sourceTree = "<group>"; };
		A3BECF281A0C46B600539F02 /* UIView+Position.m */ = {isa = PBXFileReference; fileEncoding = 4; lastKnownFileType = sourcecode.c.objc; path = "UIView+Position.m"; sourceTree = "<group>"; };
		A3BECF291A0C46B600539F02 /* iLayout.xcodeproj */ = {isa = PBXFileReference; lastKnownFileType = "wrapper.pb-project"; path = iLayout.xcodeproj; sourceTree = "<group>"; };
		A3BECF2D1A0C46B700539F02 /* iLayoutTests.m */ = {isa = PBXFileReference; fileEncoding = 4; lastKnownFileType = sourcecode.c.objc; path = iLayoutTests.m; sourceTree = "<group>"; };
		A3BECF2E1A0C46B700539F02 /* Info.plist */ = {isa = PBXFileReference; fileEncoding = 4; lastKnownFileType = text.plist.xml; path = Info.plist; sourceTree = "<group>"; };
		A3BECF441A0C46DF00539F02 /* default.css */ = {isa = PBXFileReference; fileEncoding = 4; lastKnownFileType = text.css; path = default.css; sourceTree = "<group>"; };
		A3BECF451A0C46DF00539F02 /* RegisterView.css */ = {isa = PBXFileReference; fileEncoding = 4; lastKnownFileType = text.css; path = RegisterView.css; sourceTree = "<group>"; };
		A3BECF461A0C46DF00539F02 /* RegisterView.h */ = {isa = PBXFileReference; fileEncoding = 4; lastKnownFileType = sourcecode.c.h; path = RegisterView.h; sourceTree = "<group>"; };
		A3BECF471A0C46DF00539F02 /* RegisterView.m */ = {isa = PBXFileReference; fileEncoding = 4; lastKnownFileType = sourcecode.c.objc; path = RegisterView.m; sourceTree = "<group>"; };
		A3BECF4B1A0C472F00539F02 /* RegisterViewController.h */ = {isa = PBXFileReference; fileEncoding = 4; lastKnownFileType = sourcecode.c.h; path = RegisterViewController.h; sourceTree = "<group>"; };
		A3BECF4C1A0C472F00539F02 /* RegisterViewController.m */ = {isa = PBXFileReference; fileEncoding = 4; lastKnownFileType = sourcecode.c.objc; path = RegisterViewController.m; sourceTree = "<group>"; };
/* End PBXFileReference section */

/* Begin PBXFrameworksBuildPhase section */
		A3BECEDE1A0C431700539F02 /* Frameworks */ = {
			isa = PBXFrameworksBuildPhase;
			buildActionMask = 2147483647;
			files = (
			);
			runOnlyForDeploymentPostprocessing = 0;
		};
		A3BECEFA1A0C431700539F02 /* Frameworks */ = {
			isa = PBXFrameworksBuildPhase;
			buildActionMask = 2147483647;
			files = (
			);
			runOnlyForDeploymentPostprocessing = 0;
		};
/* End PBXFrameworksBuildPhase section */

/* Begin PBXGroup section */
		A3BECED81A0C431700539F02 = {
			isa = PBXGroup;
			children = (
				A3BECF0D1A0C46B600539F02 /* iLayout */,
				A3BECEE31A0C431700539F02 /* iLayoutSample */,
				A3BECF001A0C431700539F02 /* iLayoutSampleTests */,
				A3BECEE21A0C431700539F02 /* Products */,
			);
			sourceTree = "<group>";
		};
		A3BECEE21A0C431700539F02 /* Products */ = {
			isa = PBXGroup;
			children = (
				A3BECEE11A0C431700539F02 /* iLayoutSample.app */,
				A3BECEFD1A0C431700539F02 /* iLayoutSampleTests.xctest */,
			);
			name = Products;
			sourceTree = "<group>";
		};
		A3BECEE31A0C431700539F02 /* iLayoutSample */ = {
			isa = PBXGroup;
			children = (
				A3A3CCF21A128D92006EEBF4 /* fire-default.css */,
				A3A3CCF31A128D92006EEBF4 /* fire-RegisterView.css */,
				A3BECF441A0C46DF00539F02 /* default.css */,
				A3BECF451A0C46DF00539F02 /* RegisterView.css */,
				A3BECF461A0C46DF00539F02 /* RegisterView.h */,
				A3BECF471A0C46DF00539F02 /* RegisterView.m */,
				A3BECEE81A0C431700539F02 /* AppDelegate.h */,
				A3BECEE91A0C431700539F02 /* AppDelegate.m */,
				A3BECEEB1A0C431700539F02 /* FirstViewController.h */,
				A3BECEEC1A0C431700539F02 /* FirstViewController.m */,
				A3BECEEE1A0C431700539F02 /* SecondViewController.h */,
				A3BECEEF1A0C431700539F02 /* SecondViewController.m */,
				A3BECEF11A0C431700539F02 /* Main.storyboard */,
				A3BECEF41A0C431700539F02 /* Images.xcassets */,
				A3BECEF61A0C431700539F02 /* LaunchScreen.xib */,
				A3BECEE41A0C431700539F02 /* Supporting Files */,
				A3BECF4B1A0C472F00539F02 /* RegisterViewController.h */,
				A3BECF4C1A0C472F00539F02 /* RegisterViewController.m */,
			);
			path = iLayoutSample;
			sourceTree = "<group>";
		};
		A3BECEE41A0C431700539F02 /* Supporting Files */ = {
			isa = PBXGroup;
			children = (
				A3BECEE51A0C431700539F02 /* Info.plist */,
				A3BECEE61A0C431700539F02 /* main.m */,
			);
			name = "Supporting Files";
			sourceTree = "<group>";
		};
		A3BECF001A0C431700539F02 /* iLayoutSampleTests */ = {
			isa = PBXGroup;
			children = (
				A3BECF031A0C431700539F02 /* iLayoutSampleTests.m */,
				A3BECF011A0C431700539F02 /* Supporting Files */,
			);
			path = iLayoutSampleTests;
			sourceTree = "<group>";
		};
		A3BECF011A0C431700539F02 /* Supporting Files */ = {
			isa = PBXGroup;
			children = (
				A3BECF021A0C431700539F02 /* Info.plist */,
			);
			name = "Supporting Files";
			sourceTree = "<group>";
		};
		A3BECF0D1A0C46B600539F02 /* iLayout */ = {
			isa = PBXGroup;
			children = (
				A3BECF0E1A0C46B600539F02 /* .gitignore */,
				A3BECF0F1A0C46B600539F02 /* iLayout */,
				A3BECF291A0C46B600539F02 /* iLayout.xcodeproj */,
				A3BECF2C1A0C46B700539F02 /* iLayoutTests */,
			);
			path = iLayout;
			sourceTree = "<group>";
		};
		A3BECF0F1A0C46B600539F02 /* iLayout */ = {
			isa = PBXGroup;
			children = (
				A30237B71A11196600B190E3 /* Node.h */,
				A30237B81A11196600B190E3 /* Node.m */,
				A3BECF101A0C46B600539F02 /* ESCssParser */,
				A3BECF171A0C46B600539F02 /* iLayout.h */,
				A3BECF181A0C46B600539F02 /* Info.plist */,
				A3BECF191A0C46B600539F02 /* NSObject+Attach.h */,
				A3BECF1A1A0C46B600539F02 /* NSObject+Attach.m */,
				A3BECF1B1A0C46B600539F02 /* NSObject+Event.h */,
				A3BECF1C1A0C46B600539F02 /* NSObject+Event.m */,
				A3BECF1D1A0C46B600539F02 /* UIColor+String.h */,
				A3BECF1E1A0C46B600539F02 /* UIColor+String.m */,
				A3BECF1F1A0C46B600539F02 /* UIImage+ImageEffects.h */,
				A3BECF201A0C46B600539F02 /* UIImage+ImageEffects.m */,
				A3BECF211A0C46B600539F02 /* UITextField+Active.h */,
				A3BECF221A0C46B600539F02 /* UITextField+Active.m */,
				A3BECF231A0C46B600539F02 /* UIView+Autolayout.h */,
				A3BECF241A0C46B600539F02 /* UIView+Autolayout.m */,
				A3BECF251A0C46B600539F02 /* UIView+CSS.h */,
				A3BECF261A0C46B600539F02 /* UIView+CSS.m */,
				A3BECF271A0C46B600539F02 /* UIView+Position.h */,
				A3BECF281A0C46B600539F02 /* UIView+Position.m */,
			);
			path = iLayout;
			sourceTree = "<group>";
		};
		A3BECF101A0C46B600539F02 /* ESCssParser */ = {
			isa = PBXGroup;
			children = (
				A3BECF111A0C46B600539F02 /* Parser */,
			);
			path = ESCssParser;
			sourceTree = "<group>";
		};
		A3BECF111A0C46B600539F02 /* Parser */ = {
			isa = PBXGroup;
			children = (
				A3BECF121A0C46B600539F02 /* ESCssParser.h */,
				A3BECF131A0C46B600539F02 /* ESCssParser.m */,
				A3BECF141A0C46B600539F02 /* ESCssTokenizer.m */,
				A3BECF151A0C46B600539F02 /* ESCssTokens.h */,
				A3BECF161A0C46B600539F02 /* ESCssTokens.m */,
			);
			path = Parser;
			sourceTree = "<group>";
		};
		A3BECF2A1A0C46B600539F02 /* Products */ = {
			isa = PBXGroup;
			children = (
				A3BECF411A0C46B700539F02 /* iLayout.framework */,
				A3BECF431A0C46B700539F02 /* iLayoutTests.xctest */,
			);
			name = Products;
			sourceTree = "<group>";
		};
		A3BECF2C1A0C46B700539F02 /* iLayoutTests */ = {
			isa = PBXGroup;
			children = (
				A3BECF2D1A0C46B700539F02 /* iLayoutTests.m */,
				A3BECF2E1A0C46B700539F02 /* Info.plist */,
			);
			path = iLayoutTests;
			sourceTree = "<group>";
		};
/* End PBXGroup section */

/* Begin PBXNativeTarget section */
		A3BECEE01A0C431700539F02 /* iLayoutSample */ = {
			isa = PBXNativeTarget;
			buildConfigurationList = A3BECF071A0C431700539F02 /* Build configuration list for PBXNativeTarget "iLayoutSample" */;
			buildPhases = (
				A3BECEDD1A0C431700539F02 /* Sources */,
				A3BECEDE1A0C431700539F02 /* Frameworks */,
				A3BECEDF1A0C431700539F02 /* Resources */,
			);
			buildRules = (
			);
			dependencies = (
			);
			name = iLayoutSample;
			productName = iLayoutSample;
			productReference = A3BECEE11A0C431700539F02 /* iLayoutSample.app */;
			productType = "com.apple.product-type.application";
		};
		A3BECEFC1A0C431700539F02 /* iLayoutSampleTests */ = {
			isa = PBXNativeTarget;
			buildConfigurationList = A3BECF0A1A0C431700539F02 /* Build configuration list for PBXNativeTarget "iLayoutSampleTests" */;
			buildPhases = (
				A3BECEF91A0C431700539F02 /* Sources */,
				A3BECEFA1A0C431700539F02 /* Frameworks */,
				A3BECEFB1A0C431700539F02 /* Resources */,
			);
			buildRules = (
			);
			dependencies = (
				A3BECEFF1A0C431700539F02 /* PBXTargetDependency */,
			);
			name = iLayoutSampleTests;
			productName = iLayoutSampleTests;
			productReference = A3BECEFD1A0C431700539F02 /* iLayoutSampleTests.xctest */;
			productType = "com.apple.product-type.bundle.unit-test";
		};
/* End PBXNativeTarget section */

/* Begin PBXProject section */
		A3BECED91A0C431700539F02 /* Project object */ = {
			isa = PBXProject;
			attributes = {
				LastUpgradeCheck = 0610;
				ORGANIZATIONNAME = Gaoshin;
				TargetAttributes = {
					A3BECEE01A0C431700539F02 = {
						CreatedOnToolsVersion = 6.1;
					};
					A3BECEFC1A0C431700539F02 = {
						CreatedOnToolsVersion = 6.1;
						TestTargetID = A3BECEE01A0C431700539F02;
					};
				};
			};
			buildConfigurationList = A3BECEDC1A0C431700539F02 /* Build configuration list for PBXProject "iLayoutSample" */;
			compatibilityVersion = "Xcode 3.2";
			developmentRegion = English;
			hasScannedForEncodings = 0;
			knownRegions = (
				en,
				Base,
			);
			mainGroup = A3BECED81A0C431700539F02;
			productRefGroup = A3BECEE21A0C431700539F02 /* Products */;
			projectDirPath = "";
			projectReferences = (
				{
					ProductGroup = A3BECF2A1A0C46B600539F02 /* Products */;
					ProjectRef = A3BECF291A0C46B600539F02 /* iLayout.xcodeproj */;
				},
			);
			projectRoot = "";
			targets = (
				A3BECEE01A0C431700539F02 /* iLayoutSample */,
				A3BECEFC1A0C431700539F02 /* iLayoutSampleTests */,
			);
		};
/* End PBXProject section */

/* Begin PBXReferenceProxy section */
		A3BECF411A0C46B700539F02 /* iLayout.framework */ = {
			isa = PBXReferenceProxy;
			fileType = wrapper.framework;
			path = iLayout.framework;
			remoteRef = A3BECF401A0C46B700539F02 /* PBXContainerItemProxy */;
			sourceTree = BUILT_PRODUCTS_DIR;
		};
		A3BECF431A0C46B700539F02 /* iLayoutTests.xctest */ = {
			isa = PBXReferenceProxy;
			fileType = wrapper.cfbundle;
			path = iLayoutTests.xctest;
			remoteRef = A3BECF421A0C46B700539F02 /* PBXContainerItemProxy */;
			sourceTree = BUILT_PRODUCTS_DIR;
		};
/* End PBXReferenceProxy section */

/* Begin PBXResourcesBuildPhase section */
		A3BECEDF1A0C431700539F02 /* Resources */ = {
			isa = PBXResourcesBuildPhase;
			buildActionMask = 2147483647;
			files = (
				A3A3CCF41A128D92006EEBF4 /* fire-default.css in Resources */,
				A3A3CCF51A128D92006EEBF4 /* fire-RegisterView.css in Resources */,
				A3BECF2F1A0C46B700539F02 /* .gitignore in Resources */,
				A3BECEF31A0C431700539F02 /* Main.storyboard in Resources */,
				A3BECF3D1A0C46B700539F02 /* Info.plist in Resources */,
				A3BECEF81A0C431700539F02 /* LaunchScreen.xib in Resources */,
				A3BECF481A0C46DF00539F02 /* default.css in Resources */,
				A3BECF331A0C46B700539F02 /* Info.plist in Resources */,
				A3BECEF51A0C431700539F02 /* Images.xcassets in Resources */,
				A3BECF491A0C46DF00539F02 /* RegisterView.css in Resources */,
			);
			runOnlyForDeploymentPostprocessing = 0;
		};
		A3BECEFB1A0C431700539F02 /* Resources */ = {
			isa = PBXResourcesBuildPhase;
			buildActionMask = 2147483647;
			files = (
			);
			runOnlyForDeploymentPostprocessing = 0;
		};
/* End PBXResourcesBuildPhase section */

/* Begin PBXSourcesBuildPhase section */
		A3BECEDD1A0C431700539F02 /* Sources */ = {
			isa = PBXSourcesBuildPhase;
			buildActionMask = 2147483647;
			files = (
				A3BECF321A0C46B700539F02 /* ESCssTokens.m in Sources */,
				A3BECEF01A0C431700539F02 /* SecondViewController.m in Sources */,
				A3BECF361A0C46B700539F02 /* UIColor+String.m in Sources */,
				A3BECF3C1A0C46B700539F02 /* iLayoutTests.m in Sources */,
				A3BECF3B1A0C46B700539F02 /* UIView+Position.m in Sources */,
				A3BECEEA1A0C431700539F02 /* AppDelegate.m in Sources */,
				A3BECF3A1A0C46B700539F02 /* UIView+CSS.m in Sources */,
				A3BECF371A0C46B700539F02 /* UIImage+ImageEffects.m in Sources */,
				A30237B91A11196600B190E3 /* Node.m in Sources */,
				A3BECF301A0C46B700539F02 /* ESCssParser.m in Sources */,
				A3BECF351A0C46B700539F02 /* NSObject+Event.m in Sources */,
				A3BECF341A0C46B700539F02 /* NSObject+Attach.m in Sources */,
				A3BECF311A0C46B700539F02 /* ESCssTokenizer.m in Sources */,
				A3BECF381A0C46B700539F02 /* UITextField+Active.m in Sources */,
				A3BECF4D1A0C472F00539F02 /* RegisterViewController.m in Sources */,
				A3BECEED1A0C431700539F02 /* FirstViewController.m in Sources */,
				A3BECEE71A0C431700539F02 /* main.m in Sources */,
				A3BECF391A0C46B700539F02 /* UIView+Autolayout.m in Sources */,
				A3BECF4A1A0C46DF00539F02 /* RegisterView.m in Sources */,
			);
			runOnlyForDeploymentPostprocessing = 0;
		};
		A3BECEF91A0C431700539F02 /* Sources */ = {
			isa = PBXSourcesBuildPhase;
			buildActionMask = 2147483647;
			files = (
				A3BECF041A0C431700539F02 /* iLayoutSampleTests.m in Sources */,
			);
			runOnlyForDeploymentPostprocessing = 0;
		};
/* End PBXSourcesBuildPhase section */

/* Begin PBXTargetDependency section */
		A3BECEFF1A0C431700539F02 /* PBXTargetDependency */ = {
			isa = PBXTargetDependency;
			target = A3BECEE01A0C431700539F02 /* iLayoutSample */;
			targetProxy = A3BECEFE1A0C431700539F02 /* PBXContainerItemProxy */;
		};
/* End PBXTargetDependency section */

/* Begin PBXVariantGroup section */
		A3BECEF11A0C431700539F02 /* Main.storyboard */ = {
			isa = PBXVariantGroup;
			children = (
				A3BECEF21A0C431700539F02 /* Base */,
			);
			name = Main.storyboard;
			sourceTree = "<group>";
		};
		A3BECEF61A0C431700539F02 /* LaunchScreen.xib */ = {
			isa = PBXVariantGroup;
			children = (
				A3BECEF71A0C431700539F02 /* Base */,
			);
			name = LaunchScreen.xib;
			sourceTree = "<group>";
		};
/* End PBXVariantGroup section */

/* Begin XCBuildConfiguration section */
		A3BECF051A0C431700539F02 /* Debug */ = {
			isa = XCBuildConfiguration;
			buildSettings = {
				ALWAYS_SEARCH_USER_PATHS = NO;
				CLANG_CXX_LANGUAGE_STANDARD = "gnu++0x";
				CLANG_CXX_LIBRARY = "libc++";
				CLANG_ENABLE_MODULES = YES;
				CLANG_ENABLE_OBJC_ARC = YES;
				CLANG_WARN_BOOL_CONVERSION = YES;
				CLANG_WARN_CONSTANT_CONVERSION = YES;
				CLANG_WARN_DIRECT_OBJC_ISA_USAGE = YES_ERROR;
				CLANG_WARN_EMPTY_BODY = YES;
				CLANG_WARN_ENUM_CONVERSION = YES;
				CLANG_WARN_INT_CONVERSION = YES;
				CLANG_WARN_OBJC_ROOT_CLASS = YES_ERROR;
				CLANG_WARN_UNREACHABLE_CODE = YES;
				CLANG_WARN__DUPLICATE_METHOD_MATCH = YES;
				"CODE_SIGN_IDENTITY[sdk=iphoneos*]" = "iPhone Developer";
				COPY_PHASE_STRIP = NO;
				ENABLE_STRICT_OBJC_MSGSEND = YES;
				GCC_C_LANGUAGE_STANDARD = gnu99;
				GCC_DYNAMIC_NO_PIC = NO;
				GCC_OPTIMIZATION_LEVEL = 0;
				GCC_PREPROCESSOR_DEFINITIONS = (
					"DEBUG=1",
					"$(inherited)",
				);
				GCC_SYMBOLS_PRIVATE_EXTERN = NO;
				GCC_WARN_64_TO_32_BIT_CONVERSION = YES;
				GCC_WARN_ABOUT_RETURN_TYPE = YES_ERROR;
				GCC_WARN_UNDECLARED_SELECTOR = YES;
				GCC_WARN_UNINITIALIZED_AUTOS = YES_AGGRESSIVE;
				GCC_WARN_UNUSED_FUNCTION = YES;
				GCC_WARN_UNUSED_VARIABLE = YES;
				IPHONEOS_DEPLOYMENT_TARGET = 8.1;
				MTL_ENABLE_DEBUG_INFO = YES;
				ONLY_ACTIVE_ARCH = YES;
				SDKROOT = iphoneos;
			};
			name = Debug;
		};
		A3BECF061A0C431700539F02 /* Release */ = {
			isa = XCBuildConfiguration;
			buildSettings = {
				ALWAYS_SEARCH_USER_PATHS = NO;
				CLANG_CXX_LANGUAGE_STANDARD = "gnu++0x";
				CLANG_CXX_LIBRARY = "libc++";
				CLANG_ENABLE_MODULES = YES;
				CLANG_ENABLE_OBJC_ARC = YES;
				CLANG_WARN_BOOL_CONVERSION = YES;
				CLANG_WARN_CONSTANT_CONVERSION = YES;
				CLANG_WARN_DIRECT_OBJC_ISA_USAGE = YES_ERROR;
				CLANG_WARN_EMPTY_BODY = YES;
				CLANG_WARN_ENUM_CONVERSION = YES;
				CLANG_WARN_INT_CONVERSION = YES;
				CLANG_WARN_OBJC_ROOT_CLASS = YES_ERROR;
				CLANG_WARN_UNREACHABLE_CODE = YES;
				CLANG_WARN__DUPLICATE_METHOD_MATCH = YES;
				"CODE_SIGN_IDENTITY[sdk=iphoneos*]" = "iPhone Developer";
				COPY_PHASE_STRIP = YES;
				ENABLE_NS_ASSERTIONS = NO;
				ENABLE_STRICT_OBJC_MSGSEND = YES;
				GCC_C_LANGUAGE_STANDARD = gnu99;
				GCC_WARN_64_TO_32_BIT_CONVERSION = YES;
				GCC_WARN_ABOUT_RETURN_TYPE = YES_ERROR;
				GCC_WARN_UNDECLARED_SELECTOR = YES;
				GCC_WARN_UNINITIALIZED_AUTOS = YES_AGGRESSIVE;
				GCC_WARN_UNUSED_FUNCTION = YES;
				GCC_WARN_UNUSED_VARIABLE = YES;
				IPHONEOS_DEPLOYMENT_TARGET = 8.1;
				MTL_ENABLE_DEBUG_INFO = NO;
				SDKROOT = iphoneos;
				VALIDATE_PRODUCT = YES;
			};
			name = Release;
		};
		A3BECF081A0C431700539F02 /* Debug */ = {
			isa = XCBuildConfiguration;
			buildSettings = {
				ARCHS = armv7;
				ASSETCATALOG_COMPILER_APPICON_NAME = AppIcon;
				INFOPLIST_FILE = iLayoutSample/Info.plist;
				LD_RUNPATH_SEARCH_PATHS = "$(inherited) @executable_path/Frameworks";
				PRODUCT_NAME = "$(TARGET_NAME)";
				VALID_ARCHS = armv7;
			};
			name = Debug;
		};
		A3BECF091A0C431700539F02 /* Release */ = {
			isa = XCBuildConfiguration;
			buildSettings = {
				ARCHS = armv7;
				ASSETCATALOG_COMPILER_APPICON_NAME = AppIcon;
				INFOPLIST_FILE = iLayoutSample/Info.plist;
				LD_RUNPATH_SEARCH_PATHS = "$(inherited) @executable_path/Frameworks";
				PRODUCT_NAME = "$(TARGET_NAME)";
				VALID_ARCHS = armv7;
			};
			name = Release;
		};
		A3BECF0B1A0C431700539F02 /* Debug */ = {
			isa = XCBuildConfiguration;
			buildSettings = {
				BUNDLE_LOADER = "$(TEST_HOST)";
				FRAMEWORK_SEARCH_PATHS = (
					"$(SDKROOT)/Developer/Library/Frameworks",
					"$(inherited)",
				);
				GCC_PREPROCESSOR_DEFINITIONS = (
					"DEBUG=1",
					"$(inherited)",
				);
				INFOPLIST_FILE = iLayoutSampleTests/Info.plist;
				LD_RUNPATH_SEARCH_PATHS = "$(inherited) @executable_path/Frameworks @loader_path/Frameworks";
				PRODUCT_NAME = "$(TARGET_NAME)";
				TEST_HOST = "$(BUILT_PRODUCTS_DIR)/iLayoutSample.app/iLayoutSample";
			};
			name = Debug;
		};
		A3BECF0C1A0C431700539F02 /* Release */ = {
			isa = XCBuildConfiguration;
			buildSettings = {
				BUNDLE_LOADER = "$(TEST_HOST)";
				FRAMEWORK_SEARCH_PATHS = (
					"$(SDKROOT)/Developer/Library/Frameworks",
					"$(inherited)",
				);
				INFOPLIST_FILE = iLayoutSampleTests/Info.plist;
				LD_RUNPATH_SEARCH_PATHS = "$(inherited) @executable_path/Frameworks @loader_path/Frameworks";
				PRODUCT_NAME = "$(TARGET_NAME)";
				TEST_HOST = "$(BUILT_PRODUCTS_DIR)/iLayoutSample.app/iLayoutSample";
			};
			name = Release;
		};
/* End XCBuildConfiguration section */

/* Begin XCConfigurationList section */
		A3BECEDC1A0C431700539F02 /* Build configuration list for PBXProject "iLayoutSample" */ = {
			isa = XCConfigurationList;
			buildConfigurations = (
				A3BECF051A0C431700539F02 /* Debug */,
				A3BECF061A0C431700539F02 /* Release */,
			);
			defaultConfigurationIsVisible = 0;
			defaultConfigurationName = Release;
		};
		A3BECF071A0C431700539F02 /* Build configuration list for PBXNativeTarget "iLayoutSample" */ = {
			isa = XCConfigurationList;
			buildConfigurations = (
				A3BECF081A0C431700539F02 /* Debug */,
				A3BECF091A0C431700539F02 /* Release */,
			);
			defaultConfigurationIsVisible = 0;
			defaultConfigurationName = Release;
		};
		A3BECF0A1A0C431700539F02 /* Build configuration list for PBXNativeTarget "iLayoutSampleTests" */ = {
			isa = XCConfigurationList;
			buildConfigurations = (
				A3BECF0B1A0C431700539F02 /* Debug */,
				A3BECF0C1A0C431700539F02 /* Release */,
			);
			defaultConfigurationIsVisible = 0;
			defaultConfigurationName = Release;
		};
/* End XCConfigurationList section */
	};
	rootObject = A3BECED91A0C431700539F02 /* Project object */;
}
